
Microsoft Visual Studio Solution File, Format Version 12.00
# Visual Studio Version 17
VisualStudioVersion = 17.5.33627.172
MinimumVisualStudioVersion = 10.0.40219.1
Project("{FAE04EC0-301F-11D3-BF4B-00C04F79EFBC}") = "StudentApi", "StudentApi.csproj", "{AA882F51-BC9D-4572-A92B-B9F163375D51}"
EndProject
Global
	GlobalSection(SolutionConfigurationPlatforms) = preSolution
		Debug|Any CPU = Debug|Any CPU
		Release|Any CPU = Release|Any CPU
	EndGlobalSection
	GlobalSection(ProjectConfigurationPlatforms) = postSolution
		{AA882F51-BC9D-4572-A92B-B9F163375D51}.Debug|Any CPU.ActiveCfg = Debug|Any CPU
		{AA882F51-BC9D-4572-A92B-B9F163375D51}.Debug|Any CPU.Build.0 = Debug|Any CPU
		{AA882F51-BC9D-4572-A92B-B9F163375D51}.Release|Any CPU.ActiveCfg = Release|Any CPU
		{AA882F51-BC9D-4572-A92B-B9F163375D51}.Release|Any CPU.Build.0 = Release|Any CPU
	EndGlobalSection
	GlobalSection(SolutionProperties) = preSolution
		HideSolutionNode = FALSE
	EndGlobalSection
	GlobalSection(ExtensibilityGlobals) = postSolution
		SolutionGuid = {A485FB98-B0DD-4F48-B845-53BF444DA4CD}
	EndGlobalSection
EndGlobal
